
Microsoft Visual Studio Solution File, Format Version 12.00
# Visual Studio Version 17
VisualStudioVersion = 17.13.35828.75 d17.13
MinimumVisualStudioVersion = 10.0.40219.1
Project("{8BC9CEB8-8B4A-11D0-8D11-00A0C91BC942}") = "期末复习代码", "期末复习代码.vcxproj", "{98FAC137-1FB9-4162-AFDF-246D0E8D653E}"
EndProject
Global
	GlobalSection(SolutionConfigurationPlatforms) = preSolution
		Debug|x64 = Debug|x64
		Debug|x86 = Debug|x86
		Release|x64 = Release|x64
		Release|x86 = Release|x86
	EndGlobalSection
	GlobalSection(ProjectConfigurationPlatforms) = postSolution
		{98FAC137-1FB9-4162-AFDF-246D0E8D653E}.Debug|x64.ActiveCfg = Debug|x64
		{98FAC137-1FB9-4162-AFDF-246D0E8D653E}.Debug|x64.Build.0 = Debug|x64
		{98FAC137-1FB9-4162-AFDF-246D0E8D653E}.Debug|x86.ActiveCfg = Debug|Win32
		{98FAC137-1FB9-4162-AFDF-246D0E8D653E}.Debug|x86.Build.0 = Debug|Win32
		{98FAC137-1FB9-4162-AFDF-246D0E8D653E}.Release|x64.ActiveCfg = Release|x64
		{98FAC137-1FB9-4162-AFDF-246D0E8D653E}.Release|x64.Build.0 = Release|x64
		{98FAC137-1FB9-4162-AFDF-246D0E8D653E}.Release|x86.ActiveCfg = Release|Win32
		{98FAC137-1FB9-4162-AFDF-246D0E8D653E}.Release|x86.Build.0 = Release|Win32
	EndGlobalSection
	GlobalSection(SolutionProperties) = preSolution
		HideSolutionNode = FALSE
	EndGlobalSection
	GlobalSection(ExtensibilityGlobals) = postSolution
		SolutionGuid = {B2D33ADE-1482-44C4-9673-B79BCB77B9D8}
	EndGlobalSection
EndGlobal
